// !$*UTF8*$!
{
	archiveVersion = 1;
	classes = {
	};
	objectVersion = 77;
	objects = {

/* Begin PBXBuildFile section */
		05646C4D80684A9A3EFAA6B4 /* RootView.swift in Sources */ = {isa = PBXBuildFile; fileRef = B01F9E3D844FCB7741CFB87D /* RootView.swift */; };
		25DE61AEB481F66A413BBC29 /* MomentsAVApp.swift in Sources */ = {isa = PBXBuildFile; fileRef = 7EF8B2EE66F151280AFAB93D /* MomentsAVApp.swift */; };
/* End PBXBuildFile section */

/* Begin PBXFileReference section */
		7EF8B2EE66F151280AFAB93D /* MomentsAVApp.swift */ = {isa = PBXFileReference; lastKnownFileType = sourcecode.swift; path = MomentsAVApp.swift; sourceTree = "<group>"; };
		83D0E1A31764827F2CF0A6FC /* MomentsAV.app */ = {isa = PBXFileReference; includeInIndex = 0; lastKnownFileType = wrapper.application; path = MomentsAV.app; sourceTree = BUILT_PRODUCTS_DIR; };
		B01F9E3D844FCB7741CFB87D /* RootView.swift */ = {isa = PBXFileReference; lastKnownFileType = sourcecode.swift; path = RootView.swift; sourceTree = "<group>"; };
		B93C9F7BF82F37766D6F1080 /* Debug.xcconfig */ = {isa = PBXFileReference; lastKnownFileType = text.xcconfig; path = Debug.xcconfig; sourceTree = "<group>"; };
		EE50BE8F243DA735CB43236A /* Release.xcconfig */ = {isa = PBXFileReference; lastKnownFileType = text.xcconfig; path = Release.xcconfig; sourceTree = "<group>"; };
		F574B823BCDEC53161058BC4 /* Info.plist */ = {isa = PBXFileReference; lastKnownFileType = text.plist; path = Info.plist; sourceTree = "<group>"; };
/* End PBXFileReference section */

/* Begin PBXGroup section */
		9FC715BD0E2A7D54BA405F10 /* Config */ = {
			isa = PBXGroup;
			children = (
				B93C9F7BF82F37766D6F1080 /* Debug.xcconfig */,
				EE50BE8F243DA735CB43236A /* Release.xcconfig */,
			);
			path = Config;
			sourceTree = "<group>";
		};
		B44BD7C4D58D70AA4E356ECA /* MomentsAV */ = {
			isa = PBXGroup;
			children = (
				CF75ECD51246BFECD05B70AE /* App */,
			);
			path = MomentsAV;
			sourceTree = "<group>";
		};
		BF96C80843B6A49A8146E1E2 = {
			isa = PBXGroup;
			children = (
				9FC715BD0E2A7D54BA405F10 /* Config */,
				B44BD7C4D58D70AA4E356ECA /* MomentsAV */,
				DDB5FA7A0F0FD709C6F68CE5 /* Products */,
			);
			sourceTree = "<group>";
		};
		CF75ECD51246BFECD05B70AE /* App */ = {
			isa = PBXGroup;
			children = (
				F574B823BCDEC53161058BC4 /* Info.plist */,
				7EF8B2EE66F151280AFAB93D /* MomentsAVApp.swift */,
				B01F9E3D844FCB7741CFB87D /* RootView.swift */,
			);
			path = App;
			sourceTree = "<group>";
		};
		DDB5FA7A0F0FD709C6F68CE5 /* Products */ = {
			isa = PBXGroup;
			children = (
				83D0E1A31764827F2CF0A6FC /* MomentsAV.app */,
			);
			name = Products;
			sourceTree = "<group>";
		};
/* End PBXGroup section */

/* Begin PBXNativeTarget section */
		2247C5C4A8FA1F58720EB018 /* MomentsAV */ = {
			isa = PBXNativeTarget;
			buildConfigurationList = CFA3A703C2C179FA2B93D162 /* Build configuration list for PBXNativeTarget "MomentsAV" */;
			buildPhases = (
				3F90CC1FEEBB9A3A72B5FD65 /* Sources */,
			);
			buildRules = (
			);
			dependencies = (
			);
			name = MomentsAV;
			packageProductDependencies = (
			);
			productName = MomentsAV;
			productReference = 83D0E1A31764827F2CF0A6FC /* MomentsAV.app */;
			productType = "com.apple.product-type.application";
		};
/* End PBXNativeTarget section */

/* Begin PBXProject section */
		966438B9FFC08A8002C95513 /* Project object */ = {
			isa = PBXProject;
			attributes = {
				BuildIndependentTargetsInParallel = YES;
				LastUpgradeCheck = 1600;
				TargetAttributes = {
					2247C5C4A8FA1F58720EB018 = {
						DevelopmentTeam = "$(AVALSYS_APPLE_DEVELOPMENT_TEAM)";
						ProvisioningStyle = Automatic;
					};
				};
			};
			buildConfigurationList = 5CF275CD626C9D8084CE6FFD /* Build configuration list for PBXProject "MomentsAV" */;
			developmentRegion = en;
			hasScannedForEncodings = 0;
			knownRegions = (
				Base,
				en,
			);
			mainGroup = BF96C80843B6A49A8146E1E2;
			minimizedProjectReferenceProxies = 1;
			preferredProjectObjectVersion = 77;
			productRefGroup = DDB5FA7A0F0FD709C6F68CE5 /* Products */;
			projectDirPath = "";
			projectRoot = "";
			targets = (
				2247C5C4A8FA1F58720EB018 /* MomentsAV */,
			);
		};
/* End PBXProject section */

/* Begin PBXSourcesBuildPhase section */
		3F90CC1FEEBB9A3A72B5FD65 /* Sources */ = {
			isa = PBXSourcesBuildPhase;
			buildActionMask = 2147483647;
			files = (
				25DE61AEB481F66A413BBC29 /* MomentsAVApp.swift in Sources */,
				05646C4D80684A9A3EFAA6B4 /* RootView.swift in Sources */,
			);
			runOnlyForDeploymentPostprocessing = 0;
		};
/* End PBXSourcesBuildPhase section */

/* Begin XCBuildConfiguration section */
		55D876097C23C7B825BA96A1 /* Release */ = {
			isa = XCBuildConfiguration;
			baseConfigurationReference = EE50BE8F243DA735CB43236A /* Release.xcconfig */;
			buildSettings = {
				ASSETCATALOG_COMPILER_APPICON_NAME = AppIcon;
				CODE_SIGN_IDENTITY = "iPhone Developer";
				CODE_SIGN_STYLE = Automatic;
				DEVELOPMENT_TEAM = "$(AVALSYS_APPLE_DEVELOPMENT_TEAM)";
				GENERATE_INFOPLIST_FILE = NO;
				INFOPLIST_FILE = MomentsAV/App/Info.plist;
				LD_RUNPATH_SEARCH_PATHS = (
					"$(inherited)",
					"@executable_path/Frameworks",
				);
				PRODUCT_BUNDLE_IDENTIFIER = "$(PRODUCT_BUNDLE_IDENTIFIER)";
				SDKROOT = iphoneos;
				SUPPORTS_MACCATALYST = NO;
				TARGETED_DEVICE_FAMILY = 1;
			};
			name = Release;
		};
		6AD56A821EA0F5051BD38DBA /* Release */ = {
			isa = XCBuildConfiguration;
			buildSettings = {
				ALWAYS_SEARCH_USER_PATHS = NO;
				CLANG_ANALYZER_NONNULL = YES;
				CLANG_ANALYZER_NUMBER_OBJECT_CONVERSION = YES_AGGRESSIVE;
				CLANG_CXX_LANGUAGE_STANDARD = "gnu++14";
				CLANG_CXX_LIBRARY = "libc++";
				CLANG_ENABLE_MODULES = YES;
				CLANG_ENABLE_OBJC_ARC = YES;
				CLANG_ENABLE_OBJC_WEAK = YES;
				CLANG_WARN_BLOCK_CAPTURE_AUTORELEASING = YES;
				CLANG_WARN_BOOL_CONVERSION = YES;
				CLANG_WARN_COMMA = YES;
				CLANG_WARN_CONSTANT_CONVERSION = YES;
				CLANG_WARN_DEPRECATED_OBJC_IMPLEMENTATIONS = YES;
				CLANG_WARN_DIRECT_OBJC_ISA_USAGE = YES_ERROR;
				CLANG_WARN_DOCUMENTATION_COMMENTS = YES;
				CLANG_WARN_EMPTY_BODY = YES;
				CLANG_WARN_ENUM_CONVERSION = YES;
				CLANG_WARN_INFINITE_RECURSION = YES;
				CLANG_WARN_INT_CONVERSION = YES;
				CLANG_WARN_NON_LITERAL_NULL_CONVERSION = YES;
				CLANG_WARN_OBJC_IMPLICIT_RETAIN_SELF = YES;
				CLANG_WARN_OBJC_LITERAL_CONVERSION = YES;
				CLANG_WARN_OBJC_ROOT_CLASS = YES_ERROR;
				CLANG_WARN_QUOTED_INCLUDE_IN_FRAMEWORK_HEADER = YES;
				CLANG_WARN_RANGE_LOOP_ANALYSIS = YES;
				CLANG_WARN_STRICT_PROTOTYPES = YES;
				CLANG_WARN_SUSPICIOUS_MOVE = YES;
				CLANG_WARN_UNGUARDED_AVAILABILITY = YES_AGGRESSIVE;
				CLANG_WARN_UNREACHABLE_CODE = YES;
				CLANG_WARN__DUPLICATE_METHOD_MATCH = YES;
				COPY_PHASE_STRIP = NO;
				DEBUG_INFORMATION_FORMAT = "dwarf-with-dsym";
				DEVELOPMENT_LANGUAGE = en;
				ENABLE_NS_ASSERTIONS = NO;
				ENABLE_STRICT_OBJC_MSGSEND = YES;
				GCC_C_LANGUAGE_STANDARD = gnu11;
				GCC_NO_COMMON_BLOCKS = YES;
				GCC_WARN_64_TO_32_BIT_CONVERSION = YES;
				GCC_WARN_ABOUT_RETURN_TYPE = YES_ERROR;
				GCC_WARN_UNDECLARED_SELECTOR = YES;
				GCC_WARN_UNINITIALIZED_AUTOS = YES_AGGRESSIVE;
				GCC_WARN_UNUSED_FUNCTION = YES;
				GCC_WARN_UNUSED_VARIABLE = YES;
				IPHONEOS_DEPLOYMENT_TARGET = 18.0;
				MTL_ENABLE_DEBUG_INFO = NO;
				MTL_FAST_MATH = YES;
				PRODUCT_NAME = "Moments AV";
				SDKROOT = iphoneos;
				SWIFT_COMPILATION_MODE = wholemodule;
				SWIFT_OPTIMIZATION_LEVEL = "-O";
				SWIFT_VERSION = 6.0;
			};
			name = Release;
		};
		A52EAF6BF4F38D50441E2FDF /* Debug */ = {
			isa = XCBuildConfiguration;
			buildSettings = {
				ALWAYS_SEARCH_USER_PATHS = NO;
				CLANG_ANALYZER_NONNULL = YES;
				CLANG_ANALYZER_NUMBER_OBJECT_CONVERSION = YES_AGGRESSIVE;
				CLANG_CXX_LANGUAGE_STANDARD = "gnu++14";
				CLANG_CXX_LIBRARY = "libc++";
				CLANG_ENABLE_MODULES = YES;
				CLANG_ENABLE_OBJC_ARC = YES;
				CLANG_ENABLE_OBJC_WEAK = YES;
				CLANG_WARN_BLOCK_CAPTURE_AUTORELEASING = YES;
				CLANG_WARN_BOOL_CONVERSION = YES;
				CLANG_WARN_COMMA = YES;
				CLANG_WARN_CONSTANT_CONVERSION = YES;
				CLANG_WARN_DEPRECATED_OBJC_IMPLEMENTATIONS = YES;
				CLANG_WARN_DIRECT_OBJC_ISA_USAGE = YES_ERROR;
				CLANG_WARN_DOCUMENTATION_COMMENTS = YES;
				CLANG_WARN_EMPTY_BODY = YES;
				CLANG_WARN_ENUM_CONVERSION = YES;
				CLANG_WARN_INFINITE_RECURSION = YES;
				CLANG_WARN_INT_CONVERSION = YES;
				CLANG_WARN_NON_LITERAL_NULL_CONVERSION = YES;
				CLANG_WARN_OBJC_IMPLICIT_RETAIN_SELF = YES;
				CLANG_WARN_OBJC_LITERAL_CONVERSION = YES;
				CLANG_WARN_OBJC_ROOT_CLASS = YES_ERROR;
				CLANG_WARN_QUOTED_INCLUDE_IN_FRAMEWORK_HEADER = YES;
				CLANG_WARN_RANGE_LOOP_ANALYSIS = YES;
				CLANG_WARN_STRICT_PROTOTYPES = YES;
				CLANG_WARN_SUSPICIOUS_MOVE = YES;
				CLANG_WARN_UNGUARDED_AVAILABILITY = YES_AGGRESSIVE;
				CLANG_WARN_UNREACHABLE_CODE = YES;
				CLANG_WARN__DUPLICATE_METHOD_MATCH = YES;
				COPY_PHASE_STRIP = NO;
				DEBUG_INFORMATION_FORMAT = dwarf;
				DEVELOPMENT_LANGUAGE = en;
				ENABLE_STRICT_OBJC_MSGSEND = YES;
				ENABLE_TESTABILITY = YES;
				GCC_C_LANGUAGE_STANDARD = gnu11;
				GCC_DYNAMIC_NO_PIC = NO;
				GCC_NO_COMMON_BLOCKS = YES;
				GCC_OPTIMIZATION_LEVEL = 0;
				GCC_PREPROCESSOR_DEFINITIONS = (
					"$(inherited)",
					"DEBUG=1",
				);
				GCC_WARN_64_TO_32_BIT_CONVERSION = YES;
				GCC_WARN_ABOUT_RETURN_TYPE = YES_ERROR;
				GCC_WARN_UNDECLARED_SELECTOR = YES;
				GCC_WARN_UNINITIALIZED_AUTOS = YES_AGGRESSIVE;
				GCC_WARN_UNUSED_FUNCTION = YES;
				GCC_WARN_UNUSED_VARIABLE = YES;
				IPHONEOS_DEPLOYMENT_TARGET = 18.0;
				MTL_ENABLE_DEBUG_INFO = INCLUDE_SOURCE;
				MTL_FAST_MATH = YES;
				ONLY_ACTIVE_ARCH = YES;
				PRODUCT_NAME = "Moments AV";
				SDKROOT = iphoneos;
				SWIFT_ACTIVE_COMPILATION_CONDITIONS = DEBUG;
				SWIFT_OPTIMIZATION_LEVEL = "-Onone";
				SWIFT_VERSION = 6.0;
			};
			name = Debug;
		};
		C7AB82B82036B282B8E7F895 /* Debug */ = {
			isa = XCBuildConfiguration;
			baseConfigurationReference = B93C9F7BF82F37766D6F1080 /* Debug.xcconfig */;
			buildSettings = {
				ASSETCATALOG_COMPILER_APPICON_NAME = AppIcon;
				CODE_SIGN_IDENTITY = "iPhone Developer";
				CODE_SIGN_STYLE = Automatic;
				DEVELOPMENT_TEAM = "$(AVALSYS_APPLE_DEVELOPMENT_TEAM)";
				GENERATE_INFOPLIST_FILE = NO;
				INFOPLIST_FILE = MomentsAV/App/Info.plist;
				LD_RUNPATH_SEARCH_PATHS = (
					"$(inherited)",
					"@executable_path/Frameworks",
				);
				PRODUCT_BUNDLE_IDENTIFIER = "$(PRODUCT_BUNDLE_IDENTIFIER)";
				SDKROOT = iphoneos;
				SUPPORTS_MACCATALYST = NO;
				TARGETED_DEVICE_FAMILY = 1;
			};
			name = Debug;
		};
/* End XCBuildConfiguration section */

/* Begin XCConfigurationList section */
		5CF275CD626C9D8084CE6FFD /* Build configuration list for PBXProject "MomentsAV" */ = {
			isa = XCConfigurationList;
			buildConfigurations = (
				A52EAF6BF4F38D50441E2FDF /* Debug */,
				6AD56A821EA0F5051BD38DBA /* Release */,
			);
			defaultConfigurationIsVisible = 0;
			defaultConfigurationName = Debug;
		};
		CFA3A703C2C179FA2B93D162 /* Build configuration list for PBXNativeTarget "MomentsAV" */ = {
			isa = XCConfigurationList;
			buildConfigurations = (
				C7AB82B82036B282B8E7F895 /* Debug */,
				55D876097C23C7B825BA96A1 /* Release */,
			);
			defaultConfigurationIsVisible = 0;
			defaultConfigurationName = Debug;
		};
/* End XCConfigurationList section */
	};
	rootObject = 966438B9FFC08A8002C95513 /* Project object */;
}
